// !$*UTF8*$!
{
	archiveVersion = 1;
	classes = {
	};
	objectVersion = 55;
	objects = {

/* Begin PBXBuildFile section */
		C2844957294BB58400C98EA9 /* AppDelegate.swift in Sources */ = {isa = PBXBuildFile; fileRef = C2844956294BB58400C98EA9 /* AppDelegate.swift */; };
		C2844959294BB58400C98EA9 /* SceneDelegate.swift in Sources */ = {isa = PBXBuildFile; fileRef = C2844958294BB58400C98EA9 /* SceneDelegate.swift */; };
		C284495B294BB58400C98EA9 /* MapViewController.swift in Sources */ = {isa = PBXBuildFile; fileRef = C284495A294BB58400C98EA9 /* MapViewController.swift */; };
		C284495E294BB58400C98EA9 /* Main.storyboard in Resources */ = {isa = PBXBuildFile; fileRef = C284495C294BB58400C98EA9 /* Main.storyboard */; };
		C2844960294BB58500C98EA9 /* Assets.xcassets in Resources */ = {isa = PBXBuildFile; fileRef = C284495F294BB58500C98EA9 /* Assets.xcassets */; };
		C2844963294BB58500C98EA9 /* LaunchScreen.storyboard in Resources */ = {isa = PBXBuildFile; fileRef = C2844961294BB58500C98EA9 /* LaunchScreen.storyboard */; };
		C284496F294BCB9200C98EA9 /* LocationDetailCell.swift in Sources */ = {isa = PBXBuildFile; fileRef = C284496D294BCB9200C98EA9 /* LocationDetailCell.swift */; };
		C2844970294BCB9200C98EA9 /* LocationDetailCell.xib in Resources */ = {isa = PBXBuildFile; fileRef = C284496E294BCB9200C98EA9 /* LocationDetailCell.xib */; };
		CB75B99EA605845B1AA87F3F /* Pods_test_hidonix.framework in Frameworks */ = {isa = PBXBuildFile; fileRef = 692EDB227C4F977B4156A104 /* Pods_test_hidonix.framework */; };
/* End PBXBuildFile section */

/* Begin PBXFileReference section */
		18918D4D1C5CEB5681CDFBA7 /* Pods-test_hidonix.release.xcconfig */ = {isa = PBXFileReference; includeInIndex = 1; lastKnownFileType = text.xcconfig; name = "Pods-test_hidonix.release.xcconfig"; path = "Target Support Files/Pods-test_hidonix/Pods-test_hidonix.release.xcconfig"; sourceTree = "<group>"; };
		692EDB227C4F977B4156A104 /* Pods_test_hidonix.framework */ = {isa = PBXFileReference; explicitFileType = wrapper.framework; includeInIndex = 0; path = Pods_test_hidonix.framework; sourceTree = BUILT_PRODUCTS_DIR; };
		9E55548F8FC46ED92ADCA189 /* Pods-test_hidonix.debug.xcconfig */ = {isa = PBXFileReference; includeInIndex = 1; lastKnownFileType = text.xcconfig; name = "Pods-test_hidonix.debug.xcconfig"; path = "Target Support Files/Pods-test_hidonix/Pods-test_hidonix.debug.xcconfig"; sourceTree = "<group>"; };
		C2844953294BB58400C98EA9 /* test_hidonix.app */ = {isa = PBXFileReference; explicitFileType = wrapper.application; includeInIndex = 0; path = test_hidonix.app; sourceTree = BUILT_PRODUCTS_DIR; };
		C2844956294BB58400C98EA9 /* AppDelegate.swift */ = {isa = PBXFileReference; lastKnownFileType = sourcecode.swift; path = AppDelegate.swift; sourceTree = "<group>"; };
		C2844958294BB58400C98EA9 /* SceneDelegate.swift */ = {isa = PBXFileReference; lastKnownFileType = sourcecode.swift; path = SceneDelegate.swift; sourceTree = "<group>"; };
		C284495A294BB58400C98EA9 /* MapViewController.swift */ = {isa = PBXFileReference; lastKnownFileType = sourcecode.swift; path = MapViewController.swift; sourceTree = "<group>"; };
		C284495D294BB58400C98EA9 /* Base */ = {isa = PBXFileReference; lastKnownFileType = file.storyboard; name = Base; path = Base.lproj/Main.storyboard; sourceTree = "<group>"; };
		C284495F294BB58500C98EA9 /* Assets.xcassets */ = {isa = PBXFileReference; lastKnownFileType = folder.assetcatalog; path = Assets.xcassets; sourceTree = "<group>"; };
		C2844962294BB58500C98EA9 /* Base */ = {isa = PBXFileReference; lastKnownFileType = file.storyboard; name = Base; path = Base.lproj/LaunchScreen.storyboard; sourceTree = "<group>"; };
		C2844964294BB58500C98EA9 /* Info.plist */ = {isa = PBXFileReference; lastKnownFileType = text.plist.xml; path = Info.plist; sourceTree = "<group>"; };
		C284496D294BCB9200C98EA9 /* LocationDetailCell.swift */ = {isa = PBXFileReference; lastKnownFileType = sourcecode.swift; path = LocationDetailCell.swift; sourceTree = "<group>"; };
		C284496E294BCB9200C98EA9 /* LocationDetailCell.xib */ = {isa = PBXFileReference; lastKnownFileType = file.xib; path = LocationDetailCell.xib; sourceTree = "<group>"; };
/* End PBXFileReference section */

/* Begin PBXFrameworksBuildPhase section */
		C2844950294BB58400C98EA9 /* Frameworks */ = {
			isa = PBXFrameworksBuildPhase;
			buildActionMask = 2147483647;
			files = (
				CB75B99EA605845B1AA87F3F /* Pods_test_hidonix.framework in Frameworks */,
			);
			runOnlyForDeploymentPostprocessing = 0;
		};
/* End PBXFrameworksBuildPhase section */

/* Begin PBXGroup section */
		1DF9D1D21A051ED679D67A05 /* Frameworks */ = {
			isa = PBXGroup;
			children = (
				692EDB227C4F977B4156A104 /* Pods_test_hidonix.framework */,
			);
			name = Frameworks;
			sourceTree = "<group>";
		};
		749CD002688864324C727CE7 /* Pods */ = {
			isa = PBXGroup;
			children = (
				9E55548F8FC46ED92ADCA189 /* Pods-test_hidonix.debug.xcconfig */,
				18918D4D1C5CEB5681CDFBA7 /* Pods-test_hidonix.release.xcconfig */,
			);
			path = Pods;
			sourceTree = "<group>";
		};
		C284494A294BB58400C98EA9 = {
			isa = PBXGroup;
			children = (
				C2844955294BB58400C98EA9 /* test_hidonix */,
				C2844954294BB58400C98EA9 /* Products */,
				749CD002688864324C727CE7 /* Pods */,
				1DF9D1D21A051ED679D67A05 /* Frameworks */,
			);
			sourceTree = "<group>";
		};
		C2844954294BB58400C98EA9 /* Products */ = {
			isa = PBXGroup;
			children = (
				C2844953294BB58400C98EA9 /* test_hidonix.app */,
			);
			name = Products;
			sourceTree = "<group>";
		};
		C2844955294BB58400C98EA9 /* test_hidonix */ = {
			isa = PBXGroup;
			children = (
				C284496A294BB59700C98EA9 /* Application */,
				C284496C294BB5D800C98EA9 /* Controllers */,
				C284496B294BB5B700C98EA9 /* Views */,
				C284495F294BB58500C98EA9 /* Assets.xcassets */,
				C2844964294BB58500C98EA9 /* Info.plist */,
			);
			path = test_hidonix;
			sourceTree = "<group>";
		};
		C284496A294BB59700C98EA9 /* Application */ = {
			isa = PBXGroup;
			children = (
				C2844956294BB58400C98EA9 /* AppDelegate.swift */,
				C2844958294BB58400C98EA9 /* SceneDelegate.swift */,
			);
			path = Application;
			sourceTree = "<group>";
		};
		C284496B294BB5B700C98EA9 /* Views */ = {
			isa = PBXGroup;
			children = (
				C284495C294BB58400C98EA9 /* Main.storyboard */,
				C2844961294BB58500C98EA9 /* LaunchScreen.storyboard */,
			);
			path = Views;
			sourceTree = "<group>";
		};
		C284496C294BB5D800C98EA9 /* Controllers */ = {
			isa = PBXGroup;
			children = (
				C2844971294BCC9100C98EA9 /* Map View Controller */,
			);
			path = Controllers;
			sourceTree = "<group>";
		};
		C2844971294BCC9100C98EA9 /* Map View Controller */ = {
			isa = PBXGroup;
			children = (
				C284495A294BB58400C98EA9 /* MapViewController.swift */,
				C284496D294BCB9200C98EA9 /* LocationDetailCell.swift */,
				C284496E294BCB9200C98EA9 /* LocationDetailCell.xib */,
			);
			path = "Map View Controller";
			sourceTree = "<group>";
		};
/* End PBXGroup section */

/* Begin PBXNativeTarget section */
		C2844952294BB58400C98EA9 /* test_hidonix */ = {
			isa = PBXNativeTarget;
			buildConfigurationList = C2844967294BB58500C98EA9 /* Build configuration list for PBXNativeTarget "test_hidonix" */;
			buildPhases = (
				87B376A6EC94D69FFC184DD8 /* [CP] Check Pods Manifest.lock */,
				C284494F294BB58400C98EA9 /* Sources */,
				C2844950294BB58400C98EA9 /* Frameworks */,
				C2844951294BB58400C98EA9 /* Resources */,
				E3AB1FD450BF51ED5AFDF730 /* [CP] Embed Pods Frameworks */,
			);
			buildRules = (
			);
			dependencies = (
			);
			name = test_hidonix;
			productName = test_hidonix;
			productReference = C2844953294BB58400C98EA9 /* test_hidonix.app */;
			productType = "com.apple.product-type.application";
		};
/* End PBXNativeTarget section */

/* Begin PBXProject section */
		C284494B294BB58400C98EA9 /* Project object */ = {
			isa = PBXProject;
			attributes = {
				BuildIndependentTargetsInParallel = 1;
				LastSwiftUpdateCheck = 1420;
				LastUpgradeCheck = 1420;
				TargetAttributes = {
					C2844952294BB58400C98EA9 = {
						CreatedOnToolsVersion = 14.2;
					};
				};
			};
			buildConfigurationList = C284494E294BB58400C98EA9 /* Build configuration list for PBXProject "test_hidonix" */;
			compatibilityVersion = "Xcode 13.0";
			developmentRegion = en;
			hasScannedForEncodings = 0;
			knownRegions = (
				en,
				Base,
			);
			mainGroup = C284494A294BB58400C98EA9;
			productRefGroup = C2844954294BB58400C98EA9 /* Products */;
			projectDirPath = "";
			projectRoot = "";
			targets = (
				C2844952294BB58400C98EA9 /* test_hidonix */,
			);
		};
/* End PBXProject section */

/* Begin PBXResourcesBuildPhase section */
		C2844951294BB58400C98EA9 /* Resources */ = {
			isa = PBXResourcesBuildPhase;
			buildActionMask = 2147483647;
			files = (
				C2844963294BB58500C98EA9 /* LaunchScreen.storyboard in Resources */,
				C2844960294BB58500C98EA9 /* Assets.xcassets in Resources */,
				C284495E294BB58400C98EA9 /* Main.storyboard in Resources */,
				C2844970294BCB9200C98EA9 /* LocationDetailCell.xib in Resources */,
			);
			runOnlyForDeploymentPostprocessing = 0;
		};
/* End PBXResourcesBuildPhase section */

/* Begin PBXShellScriptBuildPhase section */
		87B376A6EC94D69FFC184DD8 /* [CP] Check Pods Manifest.lock */ = {
			isa = PBXShellScriptBuildPhase;
			buildActionMask = 2147483647;
			files = (
			);
			inputFileListPaths = (
			);
			inputPaths = (
				"${PODS_PODFILE_DIR_PATH}/Podfile.lock",
				"${PODS_ROOT}/Manifest.lock",
			);
			name = "[CP] Check Pods Manifest.lock";
			outputFileListPaths = (
			);
			outputPaths = (
				"$(DERIVED_FILE_DIR)/Pods-test_hidonix-checkManifestLockResult.txt",
			);
			runOnlyForDeploymentPostprocessing = 0;
			shellPath = /bin/sh;
			shellScript = "diff \"${PODS_PODFILE_DIR_PATH}/Podfile.lock\" \"${PODS_ROOT}/Manifest.lock\" > /dev/null\nif [ $? != 0 ] ; then\n    # print error to STDERR\n    echo \"error: The sandbox is not in sync with the Podfile.lock. Run 'pod install' or update your CocoaPods installation.\" >&2\n    exit 1\nfi\n# This output is used by Xcode 'outputs' to avoid re-running this script phase.\necho \"SUCCESS\" > \"${SCRIPT_OUTPUT_FILE_0}\"\n";
			showEnvVarsInLog = 0;
		};
		E3AB1FD450BF51ED5AFDF730 /* [CP] Embed Pods Frameworks */ = {
			isa = PBXShellScriptBuildPhase;
			buildActionMask = 2147483647;
			files = (
			);
			inputFileListPaths = (
				"${PODS_ROOT}/Target Support Files/Pods-test_hidonix/Pods-test_hidonix-frameworks-${CONFIGURATION}-input-files.xcfilelist",
			);
			name = "[CP] Embed Pods Frameworks";
			outputFileListPaths = (
				"${PODS_ROOT}/Target Support Files/Pods-test_hidonix/Pods-test_hidonix-frameworks-${CONFIGURATION}-output-files.xcfilelist",
			);
			runOnlyForDeploymentPostprocessing = 0;
			shellPath = /bin/sh;
			shellScript = "\"${PODS_ROOT}/Target Support Files/Pods-test_hidonix/Pods-test_hidonix-frameworks.sh\"\n";
			showEnvVarsInLog = 0;
		};
/* End PBXShellScriptBuildPhase section */

/* Begin PBXSourcesBuildPhase section */
		C284494F294BB58400C98EA9 /* Sources */ = {
			isa = PBXSourcesBuildPhase;
			buildActionMask = 2147483647;
			files = (
				C284495B294BB58400C98EA9 /* MapViewController.swift in Sources */,
				C2844957294BB58400C98EA9 /* AppDelegate.swift in Sources */,
				C2844959294BB58400C98EA9 /* SceneDelegate.swift in Sources */,
				C284496F294BCB9200C98EA9 /* LocationDetailCell.swift in Sources */,
			);
			runOnlyForDeploymentPostprocessing = 0;
		};
/* End PBXSourcesBuildPhase section */

/* Begin PBXVariantGroup section */
		C284495C294BB58400C98EA9 /* Main.storyboard */ = {
			isa = PBXVariantGroup;
			children = (
				C284495D294BB58400C98EA9 /* Base */,
			);
			name = Main.storyboard;
			sourceTree = "<group>";
		};
		C2844961294BB58500C98EA9 /* LaunchScreen.storyboard */ = {
			isa = PBXVariantGroup;
			children = (
				C2844962294BB58500C98EA9 /* Base */,
			);
			name = LaunchScreen.storyboard;
			sourceTree = "<group>";
		};
/* End PBXVariantGroup section */

/* Begin XCBuildConfiguration section */
		C2844965294BB58500C98EA9 /* Debug */ = {
			isa = XCBuildConfiguration;
			buildSettings = {
				ALWAYS_SEARCH_USER_PATHS = NO;
				CLANG_ANALYZER_NONNULL = YES;
				CLANG_ANALYZER_NUMBER_OBJECT_CONVERSION = YES_AGGRESSIVE;
				CLANG_CXX_LANGUAGE_STANDARD = "gnu++20";
				CLANG_ENABLE_MODULES = YES;
				CLANG_ENABLE_OBJC_ARC = YES;
				CLANG_ENABLE_OBJC_WEAK = YES;
				CLANG_WARN_BLOCK_CAPTURE_AUTORELEASING = YES;
				CLANG_WARN_BOOL_CONVERSION = YES;
				CLANG_WARN_COMMA = YES;
				CLANG_WARN_CONSTANT_CONVERSION = YES;
				CLANG_WARN_DEPRECATED_OBJC_IMPLEMENTATIONS = YES;
				CLANG_WARN_DIRECT_OBJC_ISA_USAGE = YES_ERROR;
				CLANG_WARN_DOCUMENTATION_COMMENTS = YES;
				CLANG_WARN_EMPTY_BODY = YES;
				CLANG_WARN_ENUM_CONVERSION = YES;
				CLANG_WARN_INFINITE_RECURSION = YES;
				CLANG_WARN_INT_CONVERSION = YES;
				CLANG_WARN_NON_LITERAL_NULL_CONVERSION = YES;
				CLANG_WARN_OBJC_IMPLICIT_RETAIN_SELF = YES;
				CLANG_WARN_OBJC_LITERAL_CONVERSION = YES;
				CLANG_WARN_OBJC_ROOT_CLASS = YES_ERROR;
				CLANG_WARN_QUOTED_INCLUDE_IN_FRAMEWORK_HEADER = YES;
				CLANG_WARN_RANGE_LOOP_ANALYSIS = YES;
				CLANG_WARN_STRICT_PROTOTYPES = YES;
				CLANG_WARN_SUSPICIOUS_MOVE = YES;
				CLANG_WARN_UNGUARDED_AVAILABILITY = YES_AGGRESSIVE;
				CLANG_WARN_UNREACHABLE_CODE = YES;
				CLANG_WARN__DUPLICATE_METHOD_MATCH = YES;
				COPY_PHASE_STRIP = NO;
				DEBUG_INFORMATION_FORMAT = dwarf;
				ENABLE_STRICT_OBJC_MSGSEND = YES;
				ENABLE_TESTABILITY = YES;
				GCC_C_LANGUAGE_STANDARD = gnu11;
				GCC_DYNAMIC_NO_PIC = NO;
				GCC_NO_COMMON_BLOCKS = YES;
				GCC_OPTIMIZATION_LEVEL = 0;
				GCC_PREPROCESSOR_DEFINITIONS = (
					"DEBUG=1",
					"$(inherited)",
				);
				GCC_WARN_64_TO_32_BIT_CONVERSION = YES;
				GCC_WARN_ABOUT_RETURN_TYPE = YES_ERROR;
				GCC_WARN_UNDECLARED_SELECTOR = YES;
				GCC_WARN_UNINITIALIZED_AUTOS = YES_AGGRESSIVE;
				GCC_WARN_UNUSED_FUNCTION = YES;
				GCC_WARN_UNUSED_VARIABLE = YES;
				IPHONEOS_DEPLOYMENT_TARGET = 16.2;
				MTL_ENABLE_DEBUG_INFO = INCLUDE_SOURCE;
				MTL_FAST_MATH = YES;
				ONLY_ACTIVE_ARCH = YES;
				SDKROOT = iphoneos;
				SWIFT_ACTIVE_COMPILATION_CONDITIONS = DEBUG;
				SWIFT_OPTIMIZATION_LEVEL = "-Onone";
			};
			name = Debug;
		};
		C2844966294BB58500C98EA9 /* Release */ = {
			isa = XCBuildConfiguration;
			buildSettings = {
				ALWAYS_SEARCH_USER_PATHS = NO;
				CLANG_ANALYZER_NONNULL = YES;
				CLANG_ANALYZER_NUMBER_OBJECT_CONVERSION = YES_AGGRESSIVE;
				CLANG_CXX_LANGUAGE_STANDARD = "gnu++20";
				CLANG_ENABLE_MODULES = YES;
				CLANG_ENABLE_OBJC_ARC = YES;
				CLANG_ENABLE_OBJC_WEAK = YES;
				CLANG_WARN_BLOCK_CAPTURE_AUTORELEASING = YES;
				CLANG_WARN_BOOL_CONVERSION = YES;
				CLANG_WARN_COMMA = YES;
				CLANG_WARN_CONSTANT_CONVERSION = YES;
				CLANG_WARN_DEPRECATED_OBJC_IMPLEMENTATIONS = YES;
				CLANG_WARN_DIRECT_OBJC_ISA_USAGE = YES_ERROR;
				CLANG_WARN_DOCUMENTATION_COMMENTS = YES;
				CLANG_WARN_EMPTY_BODY = YES;
				CLANG_WARN_ENUM_CONVERSION = YES;
				CLANG_WARN_INFINITE_RECURSION = YES;
				CLANG_WARN_INT_CONVERSION = YES;
				CLANG_WARN_NON_LITERAL_NULL_CONVERSION = YES;
				CLANG_WARN_OBJC_IMPLICIT_RETAIN_SELF = YES;
				CLANG_WARN_OBJC_LITERAL_CONVERSION = YES;
				CLANG_WARN_OBJC_ROOT_CLASS = YES_ERROR;
				CLANG_WARN_QUOTED_INCLUDE_IN_FRAMEWORK_HEADER = YES;
				CLANG_WARN_RANGE_LOOP_ANALYSIS = YES;
				CLANG_WARN_STRICT_PROTOTYPES = YES;
				CLANG_WARN_SUSPICIOUS_MOVE = YES;
				CLANG_WARN_UNGUARDED_AVAILABILITY = YES_AGGRESSIVE;
				CLANG_WARN_UNREACHABLE_CODE = YES;
				CLANG_WARN__DUPLICATE_METHOD_MATCH = YES;
				COPY_PHASE_STRIP = NO;
				DEBUG_INFORMATION_FORMAT = "dwarf-with-dsym";
				ENABLE_NS_ASSERTIONS = NO;
				ENABLE_STRICT_OBJC_MSGSEND = YES;
				GCC_C_LANGUAGE_STANDARD = gnu11;
				GCC_NO_COMMON_BLOCKS = YES;
				GCC_WARN_64_TO_32_BIT_CONVERSION = YES;
				GCC_WARN_ABOUT_RETURN_TYPE = YES_ERROR;
				GCC_WARN_UNDECLARED_SELECTOR = YES;
				GCC_WARN_UNINITIALIZED_AUTOS = YES_AGGRESSIVE;
				GCC_WARN_UNUSED_FUNCTION = YES;
				GCC_WARN_UNUSED_VARIABLE = YES;
				IPHONEOS_DEPLOYMENT_TARGET = 16.2;
				MTL_ENABLE_DEBUG_INFO = NO;
				MTL_FAST_MATH = YES;
				SDKROOT = iphoneos;
				SWIFT_COMPILATION_MODE = wholemodule;
				SWIFT_OPTIMIZATION_LEVEL = "-O";
				VALIDATE_PRODUCT = YES;
			};
			name = Release;
		};
		C2844968294BB58500C98EA9 /* Debug */ = {
			isa = XCBuildConfiguration;
			baseConfigurationReference = 9E55548F8FC46ED92ADCA189 /* Pods-test_hidonix.debug.xcconfig */;
			buildSettings = {
				ASSETCATALOG_COMPILER_APPICON_NAME = AppIcon;
				ASSETCATALOG_COMPILER_GLOBAL_ACCENT_COLOR_NAME = AccentColor;
				CODE_SIGN_STYLE = Automatic;
				CURRENT_PROJECT_VERSION = 1;
				DEVELOPMENT_TEAM = 2ZMX9TYLT4;
				"EXCLUDED_ARCHS[sdk=iphonesimulator*]" = "$(EXCLUDED_ARCHS__EFFECTIVE_PLATFORM_SUFFIX_$(EFFECTIVE_PLATFORM_SUFFIX)__NATIVE_ARCH_64_BIT_$(NATIVE_ARCH_64_BIT)__XCODE_$(XCODE_VERSION_MAJOR)) arm64";
				GENERATE_INFOPLIST_FILE = YES;
				INFOPLIST_FILE = test_hidonix/Info.plist;
				INFOPLIST_KEY_UIApplicationSupportsIndirectInputEvents = YES;
				INFOPLIST_KEY_UILaunchStoryboardName = LaunchScreen;
				INFOPLIST_KEY_UIMainStoryboardFile = Main;
				INFOPLIST_KEY_UISupportedInterfaceOrientations_iPad = "UIInterfaceOrientationPortrait UIInterfaceOrientationPortraitUpsideDown UIInterfaceOrientationLandscapeLeft UIInterfaceOrientationLandscapeRight";
				INFOPLIST_KEY_UISupportedInterfaceOrientations_iPhone = "UIInterfaceOrientationPortrait UIInterfaceOrientationLandscapeLeft UIInterfaceOrientationLandscapeRight";
				IPHONEOS_DEPLOYMENT_TARGET = 15.0;
				LD_RUNPATH_SEARCH_PATHS = (
					"$(inherited)",
					"@executable_path/Frameworks",
				);
				MARKETING_VERSION = 1.0;
				PRODUCT_BUNDLE_IDENTIFIER = "it.studiozazzeroni.test-hidonix";
				PRODUCT_NAME = "$(TARGET_NAME)";
				SWIFT_EMIT_LOC_STRINGS = YES;
				SWIFT_VERSION = 5.0;
				TARGETED_DEVICE_FAMILY = "1,2";
			};
			name = Debug;
		};
		C2844969294BB58500C98EA9 /* Release */ = {
			isa = XCBuildConfiguration;
			baseConfigurationReference = 18918D4D1C5CEB5681CDFBA7 /* Pods-test_hidonix.release.xcconfig */;
			buildSettings = {
				ASSETCATALOG_COMPILER_APPICON_NAME = AppIcon;
				ASSETCATALOG_COMPILER_GLOBAL_ACCENT_COLOR_NAME = AccentColor;
				CODE_SIGN_STYLE = Automatic;
				CURRENT_PROJECT_VERSION = 1;
				DEVELOPMENT_TEAM = 2ZMX9TYLT4;
				"EXCLUDED_ARCHS[sdk=iphonesimulator*]" = "$(EXCLUDED_ARCHS__EFFECTIVE_PLATFORM_SUFFIX_$(EFFECTIVE_PLATFORM_SUFFIX)__NATIVE_ARCH_64_BIT_$(NATIVE_ARCH_64_BIT)__XCODE_$(XCODE_VERSION_MAJOR)) arm64";
				GENERATE_INFOPLIST_FILE = YES;
				INFOPLIST_FILE = test_hidonix/Info.plist;
				INFOPLIST_KEY_UIApplicationSupportsIndirectInputEvents = YES;
				INFOPLIST_KEY_UILaunchStoryboardName = LaunchScreen;
				INFOPLIST_KEY_UIMainStoryboardFile = Main;
				INFOPLIST_KEY_UISupportedInterfaceOrientations_iPad = "UIInterfaceOrientationPortrait UIInterfaceOrientationPortraitUpsideDown UIInterfaceOrientationLandscapeLeft UIInterfaceOrientationLandscapeRight";
				INFOPLIST_KEY_UISupportedInterfaceOrientations_iPhone = "UIInterfaceOrientationPortrait UIInterfaceOrientationLandscapeLeft UIInterfaceOrientationLandscapeRight";
				IPHONEOS_DEPLOYMENT_TARGET = 15.0;
				LD_RUNPATH_SEARCH_PATHS = (
					"$(inherited)",
					"@executable_path/Frameworks",
				);
				MARKETING_VERSION = 1.0;
				PRODUCT_BUNDLE_IDENTIFIER = "it.studiozazzeroni.test-hidonix";
				PRODUCT_NAME = "$(TARGET_NAME)";
				SWIFT_EMIT_LOC_STRINGS = YES;
				SWIFT_VERSION = 5.0;
				TARGETED_DEVICE_FAMILY = "1,2";
			};
			name = Release;
		};
/* End XCBuildConfiguration section */

/* Begin XCConfigurationList section */
		C284494E294BB58400C98EA9 /* Build configuration list for PBXProject "test_hidonix" */ = {
			isa = XCConfigurationList;
			buildConfigurations = (
				C2844965294BB58500C98EA9 /* Debug */,
				C2844966294BB58500C98EA9 /* Release */,
			);
			defaultConfigurationIsVisible = 0;
			defaultConfigurationName = Release;
		};
		C2844967294BB58500C98EA9 /* Build configuration list for PBXNativeTarget "test_hidonix" */ = {
			isa = XCConfigurationList;
			buildConfigurations = (
				C2844968294BB58500C98EA9 /* Debug */,
				C2844969294BB58500C98EA9 /* Release */,
			);
			defaultConfigurationIsVisible = 0;
			defaultConfigurationName = Release;
		};
/* End XCConfigurationList section */
	};
	rootObject = C284494B294BB58400C98EA9 /* Project object */;
}
